
Microsoft Visual Studio Solution File, Format Version 12.00
# Visual Studio Version 16
VisualStudioVersion = 16.0.31129.286
MinimumVisualStudioVersion = 10.0.40219.1
Project("{FAE04EC0-301F-11D3-BF4B-00C04F79EFBC}") = "“Penjualan_PBD_IF19C_AjiNurkholis”", "“Penjualan_PBD_IF19C_AjiNurkholis”\“Penjualan_PBD_IF19C_AjiNurkholis”.csproj", "{F5DE54DE-207B-4BD8-B472-0E11F9AEFEF6}"
EndProject
Global
	GlobalSection(SolutionConfigurationPlatforms) = preSolution
		Debug|Any CPU = Debug|Any CPU
		Release|Any CPU = Release|Any CPU
	EndGlobalSection
	GlobalSection(ProjectConfigurationPlatforms) = postSolution
		{F5DE54DE-207B-4BD8-B472-0E11F9AEFEF6}.Debug|Any CPU.ActiveCfg = Debug|Any CPU
		{F5DE54DE-207B-4BD8-B472-0E11F9AEFEF6}.Debug|Any CPU.Build.0 = Debug|Any CPU
		{F5DE54DE-207B-4BD8-B472-0E11F9AEFEF6}.Release|Any CPU.ActiveCfg = Release|Any CPU
		{F5DE54DE-207B-4BD8-B472-0E11F9AEFEF6}.Release|Any CPU.Build.0 = Release|Any CPU
	EndGlobalSection
	GlobalSection(SolutionProperties) = preSolution
		HideSolutionNode = FALSE
	EndGlobalSection
	GlobalSection(ExtensibilityGlobals) = postSolution
		SolutionGuid = {E17C532B-390F-4A1E-B98F-D7773B90D743}
	EndGlobalSection
EndGlobal
